
Microsoft Visual Studio Solution File, Format Version 12.00
# Visual Studio Version 17
VisualStudioVersion = 17.7.34009.444
MinimumVisualStudioVersion = 10.0.40219.1
Project("{9A19103F-16F7-4668-BE54-9A1E7A4F7556}") = "ForumIT", "ForumIT\ForumIT.csproj", "{D82224C4-CEB2-410C-B786-FEE1455CBE14}"
EndProject
Global
	GlobalSection(SolutionConfigurationPlatforms) = preSolution
		Debug|Any CPU = Debug|Any CPU
		Release|Any CPU = Release|Any CPU
	EndGlobalSection
	GlobalSection(ProjectConfigurationPlatforms) = postSolution
		{D82224C4-CEB2-410C-B786-FEE1455CBE14}.Debug|Any CPU.ActiveCfg = Debug|Any CPU
		{D82224C4-CEB2-410C-B786-FEE1455CBE14}.Debug|Any CPU.Build.0 = Debug|Any CPU
		{D82224C4-CEB2-410C-B786-FEE1455CBE14}.Release|Any CPU.ActiveCfg = Release|Any CPU
		{D82224C4-CEB2-410C-B786-FEE1455CBE14}.Release|Any CPU.Build.0 = Release|Any CPU
	EndGlobalSection
	GlobalSection(SolutionProperties) = preSolution
		HideSolutionNode = FALSE
	EndGlobalSection
	GlobalSection(ExtensibilityGlobals) = postSolution
		SolutionGuid = {1639103B-4894-4125-A02B-41633E3AEAB5}
	EndGlobalSection
EndGlobal
